<?xml version="1.0" encoding="utf-8"?>
<Project ToolsVersion="4.0" xmlns="http://schemas.microsoft.com/developer/msbuild/2003">
  <ItemGroup>
    <Filter Include="Source Files">
      <UniqueIdentifier>{4FC737F1-C7A5-4376-A066-2A32D752A2FF}</UniqueIdentifier>
      <Extensions>cpp;c;cc;cxx;def;odl;idl;hpj;bat;asm;asmx</Extensions>
    </Filter>
    <Filter Include="Header Files">
      <UniqueIdentifier>{93995380-89BD-4b04-88EB-625FBE52EBFB}</UniqueIdentifier>
      <Extensions>h;hh;hpp;hxx;hm;inl;inc;xsd</Extensions>
    </Filter>
    <Filter Include="Resource Files">
      <UniqueIdentifier>{67DA6AB6-F800-4c08-8B7A-83BB121AAD01}</UniqueIdentifier>
      <Extensions>rc;ico;cur;bmp;dlg;rc2;rct;bin;rgs;gif;jpg;jpeg;jpe;resx;tiff;tif;png;wav;mfcribbon-ms</Extensions>
    </Filter>
    <Filter Include="Source Files\Libs">
      <UniqueIdentifier>{843e4000-d663-44b4-befc-d6469d57d181}</UniqueIdentifier>
    </Filter>
    <Filter Include="Source Files\Framework">
      <UniqueIdentifier>{8193a763-3de5-479d-8be8-4c33581b73ef}</UniqueIdentifier>
    </Filter>
    <Filter Include="Source Files\Platform">
      <UniqueIdentifier>{1594f7bf-ed12-4b0e-b936-7b35c362b233}</UniqueIdentifier>
    </Filter>
    <Filter Include="Source Files\Platform\Windows">
      <UniqueIdentifier>{fe63310e-dda7-42fa-a24f-3edaeb26a0fa}</UniqueIdentifier>
    </Filter>
    <Filter Include="Source Files\Libs\fbxsdk">
      <UniqueIdentifier>{c4c0d643-b256-415f-b927-01876c9f6390}</UniqueIdentifier>
    </Filter>
    <Filter Include="Source Files\Libs\libpng">
      <UniqueIdentifier>{9e5d4958-8d32-4389-8694-be3629197d02}</UniqueIdentifier>
    </Filter>
    <Filter Include="Source Files\Core">
      <UniqueIdentifier>{2be1f3a2-4031-4008-bc41-43f63d2820ba}</UniqueIdentifier>
    </Filter>
    <Filter Include="Source Files\Core\DX11">
      <UniqueIdentifier>{83b5a52d-c80e-4418-982a-14d037e195d3}</UniqueIdentifier>
    </Filter>
    <Filter Include="Source Files\Engine">
      <UniqueIdentifier>{172d32e5-f80a-49ae-b016-30c7c69513b9}</UniqueIdentifier>
    </Filter>
    <Filter Include="Source Files\Core\Windows">
      <UniqueIdentifier>{38c867e0-79ee-4cfc-8b4c-c336bfdf19c7}</UniqueIdentifier>
    </Filter>
  </ItemGroup>
  <ItemGroup>
    <ClCompile Include="platform\Application.cpp">
      <Filter>Source Files\Platform</Filter>
    </ClCompile>
    <ClCompile Include="platform\Window.cpp">
      <Filter>Source Files\Platform</Filter>
    </ClCompile>
    <ClCompile Include="framework\Math.cpp">
      <Filter>Source Files\Framework</Filter>
    </ClCompile>
    <ClCompile Include="framework\Color.cpp">
      <Filter>Source Files\Framework</Filter>
    </ClCompile>
    <ClCompile Include="framework\String.cpp">
      <Filter>Source Files\Framework</Filter>
    </ClCompile>
    <ClCompile Include="framework\Allocation.cpp">
      <Filter>Source Files\Framework</Filter>
    </ClCompile>
    <ClCompile Include="platform\File.cpp">
      <Filter>Source Files\Platform</Filter>
    </ClCompile>
    <ClCompile Include="platform\windows\WindowsApplication.cpp">
      <Filter>Source Files\Platform\Windows</Filter>
    </ClCompile>
    <ClCompile Include="platform\windows\WindowsFile.cpp">
      <Filter>Source Files\Platform\Windows</Filter>
    </ClCompile>
    <ClCompile Include="platform\windows\WinMain.cpp">
      <Filter>Source Files\Platform\Windows</Filter>
    </ClCompile>
    <ClCompile Include="Platform\windows\WindowsWindow.cpp">
      <Filter>Source Files\Platform\Windows</Filter>
    </ClCompile>
    <ClCompile Include="Platform\Windows\WindowsSystem.cpp">
      <Filter>Source Files\Platform\Windows</Filter>
    </ClCompile>
    <ClCompile Include="Core\RenderInterface.cpp">
      <Filter>Source Files\Core</Filter>
    </ClCompile>
    <ClCompile Include="Core\DX11\DX11RenderInterface.cpp">
      <Filter>Source Files\Core\DX11</Filter>
    </ClCompile>
    <ClCompile Include="Core\RenderDeviceResources.cpp">
      <Filter>Source Files\Core</Filter>
    </ClCompile>
    <ClCompile Include="Core\Renderer.cpp">
      <Filter>Source Files\Core</Filter>
    </ClCompile>
    <ClCompile Include="Core\Windows\WindowsGraphicsInfrastructure.cpp">
      <Filter>Source Files\Core\Windows</Filter>
    </ClCompile>
    <ClCompile Include="Core\GraphicsInfrastructure.cpp">
      <Filter>Source Files\Core</Filter>
    </ClCompile>
  </ItemGroup>
  <ItemGroup>
    <ClInclude Include="platform\Application.h">
      <Filter>Source Files\Platform</Filter>
    </ClInclude>
    <ClInclude Include="platform\Window.h">
      <Filter>Source Files\Platform</Filter>
    </ClInclude>
    <ClInclude Include="platform\System.h">
      <Filter>Source Files\Platform</Filter>
    </ClInclude>
    <ClInclude Include="framework\Color.h">
      <Filter>Source Files\Framework</Filter>
    </ClInclude>
    <ClInclude Include="framework\Core.h">
      <Filter>Source Files\Framework</Filter>
    </ClInclude>
    <ClInclude Include="framework\Math.h">
      <Filter>Source Files\Framework</Filter>
    </ClInclude>
    <ClInclude Include="framework\Matrix.h">
      <Filter>Source Files\Framework</Filter>
    </ClInclude>
    <ClInclude Include="framework\String.h">
      <Filter>Source Files\Framework</Filter>
    </ClInclude>
    <ClInclude Include="framework\Vector.h">
      <Filter>Source Files\Framework</Filter>
    </ClInclude>
    <ClInclude Include="framework\Types.h">
      <Filter>Source Files\Framework</Filter>
    </ClInclude>
    <ClInclude Include="framework\Allocation.h">
      <Filter>Source Files\Framework</Filter>
    </ClInclude>
    <ClInclude Include="framework\Debug.h">
      <Filter>Source Files\Framework</Filter>
    </ClInclude>
    <ClInclude Include="platform\File.h">
      <Filter>Source Files\Platform</Filter>
    </ClInclude>
    <ClInclude Include="platform\Platform.h">
      <Filter>Source Files\Platform</Filter>
    </ClInclude>
    <ClInclude Include="platform\windows\WindowsApplication.h">
      <Filter>Source Files\Platform\Windows</Filter>
    </ClInclude>
    <ClInclude Include="platform\windows\WindowsFile.h">
      <Filter>Source Files\Platform\Windows</Filter>
    </ClInclude>
    <ClInclude Include="Platform\windows\WindowsWindow.h">
      <Filter>Source Files\Platform\Windows</Filter>
    </ClInclude>
    <ClInclude Include="libs\fbxsdk\fbxsdk.h">
      <Filter>Source Files\Libs\fbxsdk</Filter>
    </ClInclude>
    <ClInclude Include="libs\libpng\png.h">
      <Filter>Source Files\Libs\libpng</Filter>
    </ClInclude>
    <ClInclude Include="Platform\Windows\WindowsSystem.h">
      <Filter>Source Files\Platform\Windows</Filter>
    </ClInclude>
    <ClInclude Include="Core\RenderInterface.h">
      <Filter>Source Files\Core</Filter>
    </ClInclude>
    <ClInclude Include="Core\DX11\DX11RenderInterface.h">
      <Filter>Source Files\Core\DX11</Filter>
    </ClInclude>
    <ClInclude Include="Engine\Paths.h">
      <Filter>Source Files\Engine</Filter>
    </ClInclude>
    <ClInclude Include="Core\RenderDeviceResources.h">
      <Filter>Source Files\Core</Filter>
    </ClInclude>
    <ClInclude Include="Core\Renderer.h">
      <Filter>Source Files\Core</Filter>
    </ClInclude>
    <ClInclude Include="Core\Windows\WindowsGraphicsInfrastructure.h">
      <Filter>Source Files\Core\Windows</Filter>
    </ClInclude>
    <ClInclude Include="Core\Graphicsinfrastructure.h">
      <Filter>Source Files\Core</Filter>
    </ClInclude>
  </ItemGroup>
  <ItemGroup>
    <Library Include="libs\ATI_Compress_MT.lib">
      <Filter>Source Files\Libs</Filter>
    </Library>
    <Library Include="libs\d3d11.lib">
      <Filter>Source Files\Libs</Filter>
    </Library>
    <Library Include="libs\d3dcompiler.lib">
      <Filter>Source Files\Libs</Filter>
    </Library>
    <Library Include="libs\dxgi.lib">
      <Filter>Source Files\Libs</Filter>
    </Library>
    <Library Include="libs\dxguid.lib">
      <Filter>Source Files\Libs</Filter>
    </Library>
    <Library Include="libs\libfbxsdk.lib">
      <Filter>Source Files\Libs</Filter>
    </Library>
    <Library Include="libs\libpng.lib">
      <Filter>Source Files\Libs</Filter>
    </Library>
    <Library Include="libs\zdll.lib">
      <Filter>Source Files\Libs</Filter>
    </Library>
  </ItemGroup>
</Project>